// !$*UTF8*$!
{
	archiveVersion = 1;
	classes = {
	};
	objectVersion = 46;
	objects = {

/* Begin PBXBuildFile section */
		9225374B18F424EC001AE1B9 /* Foundation.framework in Frameworks */ = {isa = PBXBuildFile; fileRef = 9225374A18F424EC001AE1B9 /* Foundation.framework */; };
		9225374D18F424EC001AE1B9 /* CoreGraphics.framework in Frameworks */ = {isa = PBXBuildFile; fileRef = 9225374C18F424EC001AE1B9 /* CoreGraphics.framework */; };
		9225374F18F424EC001AE1B9 /* UIKit.framework in Frameworks */ = {isa = PBXBuildFile; fileRef = 9225374E18F424EC001AE1B9 /* UIKit.framework */; };
		9225376A18F424EC001AE1B9 /* XCTest.framework in Frameworks */ = {isa = PBXBuildFile; fileRef = 9225376918F424EC001AE1B9 /* XCTest.framework */; };
		9225376B18F424EC001AE1B9 /* Foundation.framework in Frameworks */ = {isa = PBXBuildFile; fileRef = 9225374A18F424EC001AE1B9 /* Foundation.framework */; };
		9225376C18F424EC001AE1B9 /* UIKit.framework in Frameworks */ = {isa = PBXBuildFile; fileRef = 9225374E18F424EC001AE1B9 /* UIKit.framework */; };
		9225377418F424EC001AE1B9 /* InfoPlist.strings in Resources */ = {isa = PBXBuildFile; fileRef = 9225377218F424EC001AE1B9 /* InfoPlist.strings */; };
		9225377618F424EC001AE1B9 /* WabblyDemoTests.m in Sources */ = {isa = PBXBuildFile; fileRef = 9225377518F424EC001AE1B9 /* WabblyDemoTests.m */; };
		9225378E18F425E8001AE1B9 /* Main.storyboard in Resources */ = {isa = PBXBuildFile; fileRef = 9225378118F425E8001AE1B9 /* Main.storyboard */; };
		9225378F18F425E8001AE1B9 /* InfoPlist.strings in Resources */ = {isa = PBXBuildFile; fileRef = 9225378318F425E8001AE1B9 /* InfoPlist.strings */; };
		9225379018F425E8001AE1B9 /* Images.xcassets in Resources */ = {isa = PBXBuildFile; fileRef = 9225378518F425E8001AE1B9 /* Images.xcassets */; };
		9225379118F425E8001AE1B9 /* main.m in Sources */ = {isa = PBXBuildFile; fileRef = 9225378718F425E8001AE1B9 /* main.m */; };
		9225379218F425E8001AE1B9 /* WAAppDelegate.m in Sources */ = {isa = PBXBuildFile; fileRef = 9225378918F425E8001AE1B9 /* WAAppDelegate.m */; };
		9225379418F425E8001AE1B9 /* WAViewController.m in Sources */ = {isa = PBXBuildFile; fileRef = 9225378D18F425E8001AE1B9 /* WAViewController.m */; };
		926CA2E118FC260200CD2C5A /* CALayer+WAAdditions.m in Sources */ = {isa = PBXBuildFile; fileRef = 926CA2D818FC260200CD2C5A /* CALayer+WAAdditions.m */; };
		926CA2E218FC260200CD2C5A /* NSMutableArray+WAAdditions.m in Sources */ = {isa = PBXBuildFile; fileRef = 926CA2DA18FC260200CD2C5A /* NSMutableArray+WAAdditions.m */; };
		926CA2E318FC260200CD2C5A /* WABaseTableViewCell.m in Sources */ = {isa = PBXBuildFile; fileRef = 926CA2DC18FC260200CD2C5A /* WABaseTableViewCell.m */; };
		926CA2E418FC260200CD2C5A /* WAUtility.m in Sources */ = {isa = PBXBuildFile; fileRef = 926CA2DF18FC260200CD2C5A /* WAUtility.m */; };
		926CA2E718FC263400CD2C5A /* WAImageAboveTextButton.m in Sources */ = {isa = PBXBuildFile; fileRef = 926CA2E618FC263400CD2C5A /* WAImageAboveTextButton.m */; };
		928B89E1194714E8003E9CE5 /* WAGetDirectionsPickerLocalizable.strings in Resources */ = {isa = PBXBuildFile; fileRef = 928B89E3194714E8003E9CE5 /* WAGetDirectionsPickerLocalizable.strings */; };
		928B89E819471EB4003E9CE5 /* UIActionSheet+WAGetDirectionsPicker.m in Sources */ = {isa = PBXBuildFile; fileRef = 928B89E719471EB4003E9CE5 /* UIActionSheet+WAGetDirectionsPicker.m */; };
		92E02AF21945ED780073D0B7 /* WAGetDirectionsPicker.m in Sources */ = {isa = PBXBuildFile; fileRef = 92E02AF11945ED780073D0B7 /* WAGetDirectionsPicker.m */; };
/* End PBXBuildFile section */

/* Begin PBXContainerItemProxy section */
		9225376D18F424EC001AE1B9 /* PBXContainerItemProxy */ = {
			isa = PBXContainerItemProxy;
			containerPortal = 9225373F18F424EC001AE1B9 /* Project object */;
			proxyType = 1;
			remoteGlobalIDString = 9225374618F424EC001AE1B9;
			remoteInfo = WabblyDemo;
		};
/* End PBXContainerItemProxy section */

/* Begin PBXFileReference section */
		9225374718F424EC001AE1B9 /* WabblyDemo.app */ = {isa = PBXFileReference; explicitFileType = wrapper.application; includeInIndex = 0; path = WabblyDemo.app; sourceTree = BUILT_PRODUCTS_DIR; };
		9225374A18F424EC001AE1B9 /* Foundation.framework */ = {isa = PBXFileReference; lastKnownFileType = wrapper.framework; name = Foundation.framework; path = System/Library/Frameworks/Foundation.framework; sourceTree = SDKROOT; };
		9225374C18F424EC001AE1B9 /* CoreGraphics.framework */ = {isa = PBXFileReference; lastKnownFileType = wrapper.framework; name = CoreGraphics.framework; path = System/Library/Frameworks/CoreGraphics.framework; sourceTree = SDKROOT; };
		9225374E18F424EC001AE1B9 /* UIKit.framework */ = {isa = PBXFileReference; lastKnownFileType = wrapper.framework; name = UIKit.framework; path = System/Library/Frameworks/UIKit.framework; sourceTree = SDKROOT; };
		9225376818F424EC001AE1B9 /* WabblyDemoTests.xctest */ = {isa = PBXFileReference; explicitFileType = wrapper.cfbundle; includeInIndex = 0; path = WabblyDemoTests.xctest; sourceTree = BUILT_PRODUCTS_DIR; };
		9225376918F424EC001AE1B9 /* XCTest.framework */ = {isa = PBXFileReference; lastKnownFileType = wrapper.framework; name = XCTest.framework; path = Library/Frameworks/XCTest.framework; sourceTree = DEVELOPER_DIR; };
		9225377118F424EC001AE1B9 /* WabblyDemoTests-Info.plist */ = {isa = PBXFileReference; lastKnownFileType = text.plist.xml; path = "WabblyDemoTests-Info.plist"; sourceTree = "<group>"; };
		9225377318F424EC001AE1B9 /* en */ = {isa = PBXFileReference; lastKnownFileType = text.plist.strings; name = en; path = en.lproj/InfoPlist.strings; sourceTree = "<group>"; };
		9225377518F424EC001AE1B9 /* WabblyDemoTests.m */ = {isa = PBXFileReference; lastKnownFileType = sourcecode.c.objc; path = WabblyDemoTests.m; sourceTree = "<group>"; };
		9225378218F425E8001AE1B9 /* Base */ = {isa = PBXFileReference; lastKnownFileType = file.storyboard; name = Base; path = Base.lproj/Main.storyboard; sourceTree = "<group>"; };
		9225378418F425E8001AE1B9 /* en */ = {isa = PBXFileReference; lastKnownFileType = text.plist.strings; name = en; path = en.lproj/InfoPlist.strings; sourceTree = "<group>"; };
		9225378518F425E8001AE1B9 /* Images.xcassets */ = {isa = PBXFileReference; lastKnownFileType = folder.assetcatalog; path = Images.xcassets; sourceTree = "<group>"; };
		9225378718F425E8001AE1B9 /* main.m */ = {isa = PBXFileReference; fileEncoding = 4; lastKnownFileType = sourcecode.c.objc; path = main.m; sourceTree = "<group>"; };
		9225378818F425E8001AE1B9 /* WAAppDelegate.h */ = {isa = PBXFileReference; fileEncoding = 4; lastKnownFileType = sourcecode.c.h; path = WAAppDelegate.h; sourceTree = "<group>"; };
		9225378918F425E8001AE1B9 /* WAAppDelegate.m */ = {isa = PBXFileReference; fileEncoding = 4; lastKnownFileType = sourcecode.c.objc; path = WAAppDelegate.m; sourceTree = "<group>"; };
		9225378A18F425E8001AE1B9 /* WabblyDemo-Info.plist */ = {isa = PBXFileReference; fileEncoding = 4; lastKnownFileType = text.plist.xml; path = "WabblyDemo-Info.plist"; sourceTree = "<group>"; };
		9225378B18F425E8001AE1B9 /* WabblyDemo-Prefix.pch */ = {isa = PBXFileReference; fileEncoding = 4; lastKnownFileType = sourcecode.c.h; path = "WabblyDemo-Prefix.pch"; sourceTree = "<group>"; };
		9225378C18F425E8001AE1B9 /* WAViewController.h */ = {isa = PBXFileReference; fileEncoding = 4; lastKnownFileType = sourcecode.c.h; path = WAViewController.h; sourceTree = "<group>"; };
		9225378D18F425E8001AE1B9 /* WAViewController.m */ = {isa = PBXFileReference; fileEncoding = 4; lastKnownFileType = sourcecode.c.objc; path = WAViewController.m; sourceTree = "<group>"; };
		926CA2D718FC260200CD2C5A /* CALayer+WAAdditions.h */ = {isa = PBXFileReference; fileEncoding = 4; lastKnownFileType = sourcecode.c.h; path = "CALayer+WAAdditions.h"; sourceTree = "<group>"; };
		926CA2D818FC260200CD2C5A /* CALayer+WAAdditions.m */ = {isa = PBXFileReference; fileEncoding = 4; lastKnownFileType = sourcecode.c.objc; path = "CALayer+WAAdditions.m"; sourceTree = "<group>"; };
		926CA2D918FC260200CD2C5A /* NSMutableArray+WAAdditions.h */ = {isa = PBXFileReference; fileEncoding = 4; lastKnownFileType = sourcecode.c.h; path = "NSMutableArray+WAAdditions.h"; sourceTree = "<group>"; };
		926CA2DA18FC260200CD2C5A /* NSMutableArray+WAAdditions.m */ = {isa = PBXFileReference; fileEncoding = 4; lastKnownFileType = sourcecode.c.objc; path = "NSMutableArray+WAAdditions.m"; sourceTree = "<group>"; };
		926CA2DB18FC260200CD2C5A /* WABaseTableViewCell.h */ = {isa = PBXFileReference; fileEncoding = 4; lastKnownFileType = sourcecode.c.h; path = WABaseTableViewCell.h; sourceTree = "<group>"; };
		926CA2DC18FC260200CD2C5A /* WABaseTableViewCell.m */ = {isa = PBXFileReference; fileEncoding = 4; lastKnownFileType = sourcecode.c.objc; path = WABaseTableViewCell.m; sourceTree = "<group>"; };
		926CA2DD18FC260200CD2C5A /* Wabbly.h */ = {isa = PBXFileReference; fileEncoding = 4; lastKnownFileType = sourcecode.c.h; path = Wabbly.h; sourceTree = "<group>"; };
		926CA2DE18FC260200CD2C5A /* WAUtility.h */ = {isa = PBXFileReference; fileEncoding = 4; lastKnownFileType = sourcecode.c.h; path = WAUtility.h; sourceTree = "<group>"; };
		926CA2DF18FC260200CD2C5A /* WAUtility.m */ = {isa = PBXFileReference; fileEncoding = 4; lastKnownFileType = sourcecode.c.objc; path = WAUtility.m; sourceTree = "<group>"; };
		926CA2E518FC263400CD2C5A /* WAImageAboveTextButton.h */ = {isa = PBXFileReference; fileEncoding = 4; lastKnownFileType = sourcecode.c.h; path = WAImageAboveTextButton.h; sourceTree = "<group>"; };
		926CA2E618FC263400CD2C5A /* WAImageAboveTextButton.m */ = {isa = PBXFileReference; fileEncoding = 4; lastKnownFileType = sourcecode.c.objc; path = WAImageAboveTextButton.m; sourceTree = "<group>"; };
		928B89DF194714D8003E9CE5 /* ru */ = {isa = PBXFileReference; lastKnownFileType = text.plist.strings; name = ru; path = ru.lproj/InfoPlist.strings; sourceTree = "<group>"; };
		928B89E0194714D8003E9CE5 /* ru */ = {isa = PBXFileReference; lastKnownFileType = text.plist.strings; name = ru; path = ru.lproj/InfoPlist.strings; sourceTree = "<group>"; };
		928B89E4194714F0003E9CE5 /* Base */ = {isa = PBXFileReference; lastKnownFileType = text.plist.strings; name = Base; path = Base.lproj/WAGetDirectionsPickerLocalizable.strings; sourceTree = "<group>"; };
		928B89E51947150B003E9CE5 /* ru */ = {isa = PBXFileReference; lastKnownFileType = text.plist.strings; name = ru; path = ru.lproj/WAGetDirectionsPickerLocalizable.strings; sourceTree = "<group>"; };
		928B89E619471EB4003E9CE5 /* UIActionSheet+WAGetDirectionsPicker.h */ = {isa = PBXFileReference; fileEncoding = 4; lastKnownFileType = sourcecode.c.h; path = "UIActionSheet+WAGetDirectionsPicker.h"; sourceTree = "<group>"; };
		928B89E719471EB4003E9CE5 /* UIActionSheet+WAGetDirectionsPicker.m */ = {isa = PBXFileReference; fileEncoding = 4; lastKnownFileType = sourcecode.c.objc; path = "UIActionSheet+WAGetDirectionsPicker.m"; sourceTree = "<group>"; };
		92E02AF01945ED780073D0B7 /* WAGetDirectionsPicker.h */ = {isa = PBXFileReference; fileEncoding = 4; lastKnownFileType = sourcecode.c.h; path = WAGetDirectionsPicker.h; sourceTree = "<group>"; };
		92E02AF11945ED780073D0B7 /* WAGetDirectionsPicker.m */ = {isa = PBXFileReference; fileEncoding = 4; lastKnownFileType = sourcecode.c.objc; path = WAGetDirectionsPicker.m; sourceTree = "<group>"; };
		92E02AF31945EE1E0073D0B7 /* MapKit.framework */ = {isa = PBXFileReference; lastKnownFileType = wrapper.framework; name = MapKit.framework; path = System/Library/Frameworks/MapKit.framework; sourceTree = SDKROOT; };
/* End PBXFileReference section */

/* Begin PBXFrameworksBuildPhase section */
		9225374418F424EC001AE1B9 /* Frameworks */ = {
			isa = PBXFrameworksBuildPhase;
			buildActionMask = 2147483647;
			files = (
				9225374D18F424EC001AE1B9 /* CoreGraphics.framework in Frameworks */,
				9225374F18F424EC001AE1B9 /* UIKit.framework in Frameworks */,
				9225374B18F424EC001AE1B9 /* Foundation.framework in Frameworks */,
			);
			runOnlyForDeploymentPostprocessing = 0;
		};
		9225376518F424EC001AE1B9 /* Frameworks */ = {
			isa = PBXFrameworksBuildPhase;
			buildActionMask = 2147483647;
			files = (
				9225376A18F424EC001AE1B9 /* XCTest.framework in Frameworks */,
				9225376C18F424EC001AE1B9 /* UIKit.framework in Frameworks */,
				9225376B18F424EC001AE1B9 /* Foundation.framework in Frameworks */,
			);
			runOnlyForDeploymentPostprocessing = 0;
		};
/* End PBXFrameworksBuildPhase section */

/* Begin PBXGroup section */
		9225373E18F424EC001AE1B9 = {
			isa = PBXGroup;
			children = (
				926CA2D318FC260200CD2C5A /* Core */,
				9225377F18F425E8001AE1B9 /* WabblyDemo */,
				9225376F18F424EC001AE1B9 /* WabblyDemoTests */,
				9225374918F424EC001AE1B9 /* Frameworks */,
				9225374818F424EC001AE1B9 /* Products */,
			);
			sourceTree = "<group>";
		};
		9225374818F424EC001AE1B9 /* Products */ = {
			isa = PBXGroup;
			children = (
				9225374718F424EC001AE1B9 /* WabblyDemo.app */,
				9225376818F424EC001AE1B9 /* WabblyDemoTests.xctest */,
			);
			name = Products;
			sourceTree = "<group>";
		};
		9225374918F424EC001AE1B9 /* Frameworks */ = {
			isa = PBXGroup;
			children = (
				92E02AF31945EE1E0073D0B7 /* MapKit.framework */,
				9225374A18F424EC001AE1B9 /* Foundation.framework */,
				9225374C18F424EC001AE1B9 /* CoreGraphics.framework */,
				9225374E18F424EC001AE1B9 /* UIKit.framework */,
				9225376918F424EC001AE1B9 /* XCTest.framework */,
			);
			name = Frameworks;
			sourceTree = "<group>";
		};
		9225376F18F424EC001AE1B9 /* WabblyDemoTests */ = {
			isa = PBXGroup;
			children = (
				9225377518F424EC001AE1B9 /* WabblyDemoTests.m */,
				9225377018F424EC001AE1B9 /* Supporting Files */,
			);
			path = WabblyDemoTests;
			sourceTree = "<group>";
		};
		9225377018F424EC001AE1B9 /* Supporting Files */ = {
			isa = PBXGroup;
			children = (
				9225377118F424EC001AE1B9 /* WabblyDemoTests-Info.plist */,
				9225377218F424EC001AE1B9 /* InfoPlist.strings */,
			);
			name = "Supporting Files";
			sourceTree = "<group>";
		};
		9225377F18F425E8001AE1B9 /* WabblyDemo */ = {
			isa = PBXGroup;
			children = (
				9225378018F425E8001AE1B9 /* Resources */,
				9225378618F425E8001AE1B9 /* Source */,
			);
			path = WabblyDemo;
			sourceTree = "<group>";
		};
		9225378018F425E8001AE1B9 /* Resources */ = {
			isa = PBXGroup;
			children = (
				9225378118F425E8001AE1B9 /* Main.storyboard */,
				9225378318F425E8001AE1B9 /* InfoPlist.strings */,
				9225378518F425E8001AE1B9 /* Images.xcassets */,
			);
			path = Resources;
			sourceTree = "<group>";
		};
		9225378618F425E8001AE1B9 /* Source */ = {
			isa = PBXGroup;
			children = (
				9225378718F425E8001AE1B9 /* main.m */,
				9225378818F425E8001AE1B9 /* WAAppDelegate.h */,
				9225378918F425E8001AE1B9 /* WAAppDelegate.m */,
				9225378A18F425E8001AE1B9 /* WabblyDemo-Info.plist */,
				9225378B18F425E8001AE1B9 /* WabblyDemo-Prefix.pch */,
				9225378C18F425E8001AE1B9 /* WAViewController.h */,
				9225378D18F425E8001AE1B9 /* WAViewController.m */,
			);
			path = Source;
			sourceTree = "<group>";
		};
		926CA2D318FC260200CD2C5A /* Core */ = {
			isa = PBXGroup;
			children = (
				926CA2D418FC260200CD2C5A /* Resources */,
				926CA2D618FC260200CD2C5A /* Source */,
			);
			name = Core;
			path = ../Core;
			sourceTree = "<group>";
		};
		926CA2D418FC260200CD2C5A /* Resources */ = {
			isa = PBXGroup;
			children = (
				928B89E3194714E8003E9CE5 /* WAGetDirectionsPickerLocalizable.strings */,
			);
			path = Resources;
			sourceTree = "<group>";
		};
		926CA2D618FC260200CD2C5A /* Source */ = {
			isa = PBXGroup;
			children = (
				926CA2D718FC260200CD2C5A /* CALayer+WAAdditions.h */,
				926CA2D818FC260200CD2C5A /* CALayer+WAAdditions.m */,
				926CA2D918FC260200CD2C5A /* NSMutableArray+WAAdditions.h */,
				926CA2DA18FC260200CD2C5A /* NSMutableArray+WAAdditions.m */,
				926CA2DB18FC260200CD2C5A /* WABaseTableViewCell.h */,
				926CA2DC18FC260200CD2C5A /* WABaseTableViewCell.m */,
				926CA2DD18FC260200CD2C5A /* Wabbly.h */,
				926CA2DE18FC260200CD2C5A /* WAUtility.h */,
				926CA2DF18FC260200CD2C5A /* WAUtility.m */,
				926CA2E518FC263400CD2C5A /* WAImageAboveTextButton.h */,
				926CA2E618FC263400CD2C5A /* WAImageAboveTextButton.m */,
				92E02AF01945ED780073D0B7 /* WAGetDirectionsPicker.h */,
				92E02AF11945ED780073D0B7 /* WAGetDirectionsPicker.m */,
				928B89E619471EB4003E9CE5 /* UIActionSheet+WAGetDirectionsPicker.h */,
				928B89E719471EB4003E9CE5 /* UIActionSheet+WAGetDirectionsPicker.m */,
			);
			path = Source;
			sourceTree = "<group>";
		};
/* End PBXGroup section */

/* Begin PBXNativeTarget section */
		9225374618F424EC001AE1B9 /* WabblyDemo */ = {
			isa = PBXNativeTarget;
			buildConfigurationList = 9225377918F424EC001AE1B9 /* Build configuration list for PBXNativeTarget "WabblyDemo" */;
			buildPhases = (
				9225374318F424EC001AE1B9 /* Sources */,
				9225374418F424EC001AE1B9 /* Frameworks */,
				9225374518F424EC001AE1B9 /* Resources */,
			);
			buildRules = (
			);
			dependencies = (
			);
			name = WabblyDemo;
			productName = WabblyDemo;
			productReference = 9225374718F424EC001AE1B9 /* WabblyDemo.app */;
			productType = "com.apple.product-type.application";
		};
		9225376718F424EC001AE1B9 /* WabblyDemoTests */ = {
			isa = PBXNativeTarget;
			buildConfigurationList = 9225377C18F424EC001AE1B9 /* Build configuration list for PBXNativeTarget "WabblyDemoTests" */;
			buildPhases = (
				9225376418F424EC001AE1B9 /* Sources */,
				9225376518F424EC001AE1B9 /* Frameworks */,
				9225376618F424EC001AE1B9 /* Resources */,
			);
			buildRules = (
			);
			dependencies = (
				9225376E18F424EC001AE1B9 /* PBXTargetDependency */,
			);
			name = WabblyDemoTests;
			productName = WabblyDemoTests;
			productReference = 9225376818F424EC001AE1B9 /* WabblyDemoTests.xctest */;
			productType = "com.apple.product-type.bundle.unit-test";
		};
/* End PBXNativeTarget section */

/* Begin PBXProject section */
		9225373F18F424EC001AE1B9 /* Project object */ = {
			isa = PBXProject;
			attributes = {
				CLASSPREFIX = WA;
				LastUpgradeCheck = 0510;
				TargetAttributes = {
					9225376718F424EC001AE1B9 = {
						TestTargetID = 9225374618F424EC001AE1B9;
					};
				};
			};
			buildConfigurationList = 9225374218F424EC001AE1B9 /* Build configuration list for PBXProject "WabblyDemo" */;
			compatibilityVersion = "Xcode 3.2";
			developmentRegion = English;
			hasScannedForEncodings = 0;
			knownRegions = (
				en,
				Base,
				ru,
			);
			mainGroup = 9225373E18F424EC001AE1B9;
			productRefGroup = 9225374818F424EC001AE1B9 /* Products */;
			projectDirPath = "";
			projectRoot = "";
			targets = (
				9225374618F424EC001AE1B9 /* WabblyDemo */,
				9225376718F424EC001AE1B9 /* WabblyDemoTests */,
			);
		};
/* End PBXProject section */

/* Begin PBXResourcesBuildPhase section */
		9225374518F424EC001AE1B9 /* Resources */ = {
			isa = PBXResourcesBuildPhase;
			buildActionMask = 2147483647;
			files = (
				9225379018F425E8001AE1B9 /* Images.xcassets in Resources */,
				9225378E18F425E8001AE1B9 /* Main.storyboard in Resources */,
				9225378F18F425E8001AE1B9 /* InfoPlist.strings in Resources */,
				928B89E1194714E8003E9CE5 /* WAGetDirectionsPickerLocalizable.strings in Resources */,
			);
			runOnlyForDeploymentPostprocessing = 0;
		};
		9225376618F424EC001AE1B9 /* Resources */ = {
			isa = PBXResourcesBuildPhase;
			buildActionMask = 2147483647;
			files = (
				9225377418F424EC001AE1B9 /* InfoPlist.strings in Resources */,
			);
			runOnlyForDeploymentPostprocessing = 0;
		};
/* End PBXResourcesBuildPhase section */

/* Begin PBXSourcesBuildPhase section */
		9225374318F424EC001AE1B9 /* Sources */ = {
			isa = PBXSourcesBuildPhase;
			buildActionMask = 2147483647;
			files = (
				926CA2E318FC260200CD2C5A /* WABaseTableViewCell.m in Sources */,
				9225379418F425E8001AE1B9 /* WAViewController.m in Sources */,
				926CA2E418FC260200CD2C5A /* WAUtility.m in Sources */,
				9225379218F425E8001AE1B9 /* WAAppDelegate.m in Sources */,
				926CA2E718FC263400CD2C5A /* WAImageAboveTextButton.m in Sources */,
				9225379118F425E8001AE1B9 /* main.m in Sources */,
				926CA2E118FC260200CD2C5A /* CALayer+WAAdditions.m in Sources */,
				926CA2E218FC260200CD2C5A /* NSMutableArray+WAAdditions.m in Sources */,
				928B89E819471EB4003E9CE5 /* UIActionSheet+WAGetDirectionsPicker.m in Sources */,
				92E02AF21945ED780073D0B7 /* WAGetDirectionsPicker.m in Sources */,
			);
			runOnlyForDeploymentPostprocessing = 0;
		};
		9225376418F424EC001AE1B9 /* Sources */ = {
			isa = PBXSourcesBuildPhase;
			buildActionMask = 2147483647;
			files = (
				9225377618F424EC001AE1B9 /* WabblyDemoTests.m in Sources */,
			);
			runOnlyForDeploymentPostprocessing = 0;
		};
/* End PBXSourcesBuildPhase section */

/* Begin PBXTargetDependency section */
		9225376E18F424EC001AE1B9 /* PBXTargetDependency */ = {
			isa = PBXTargetDependency;
			target = 9225374618F424EC001AE1B9 /* WabblyDemo */;
			targetProxy = 9225376D18F424EC001AE1B9 /* PBXContainerItemProxy */;
		};
/* End PBXTargetDependency section */

/* Begin PBXVariantGroup section */
		9225377218F424EC001AE1B9 /* InfoPlist.strings */ = {
			isa = PBXVariantGroup;
			children = (
				9225377318F424EC001AE1B9 /* en */,
				928B89E0194714D8003E9CE5 /* ru */,
			);
			name = InfoPlist.strings;
			sourceTree = "<group>";
		};
		9225378118F425E8001AE1B9 /* Main.storyboard */ = {
			isa = PBXVariantGroup;
			children = (
				9225378218F425E8001AE1B9 /* Base */,
			);
			name = Main.storyboard;
			sourceTree = "<group>";
		};
		9225378318F425E8001AE1B9 /* InfoPlist.strings */ = {
			isa = PBXVariantGroup;
			children = (
				9225378418F425E8001AE1B9 /* en */,
				928B89DF194714D8003E9CE5 /* ru */,
			);
			name = InfoPlist.strings;
			sourceTree = "<group>";
		};
		928B89E3194714E8003E9CE5 /* WAGetDirectionsPickerLocalizable.strings */ = {
			isa = PBXVariantGroup;
			children = (
				928B89E4194714F0003E9CE5 /* Base */,
				928B89E51947150B003E9CE5 /* ru */,
			);
			name = WAGetDirectionsPickerLocalizable.strings;
			sourceTree = "<group>";
		};
/* End PBXVariantGroup section */

/* Begin XCBuildConfiguration section */
		9225377718F424EC001AE1B9 /* Debug */ = {
			isa = XCBuildConfiguration;
			buildSettings = {
				ALWAYS_SEARCH_USER_PATHS = NO;
				CLANG_CXX_LANGUAGE_STANDARD = "gnu++0x";
				CLANG_CXX_LIBRARY = "libc++";
				CLANG_ENABLE_MODULES = YES;
				CLANG_ENABLE_OBJC_ARC = YES;
				CLANG_WARN_BOOL_CONVERSION = YES;
				CLANG_WARN_CONSTANT_CONVERSION = YES;
				CLANG_WARN_DIRECT_OBJC_ISA_USAGE = YES_ERROR;
				CLANG_WARN_EMPTY_BODY = YES;
				CLANG_WARN_ENUM_CONVERSION = YES;
				CLANG_WARN_INT_CONVERSION = YES;
				CLANG_WARN_OBJC_ROOT_CLASS = YES_ERROR;
				CLANG_WARN__DUPLICATE_METHOD_MATCH = YES;
				"CODE_SIGN_IDENTITY[sdk=iphoneos*]" = "iPhone Developer";
				COPY_PHASE_STRIP = NO;
				GCC_C_LANGUAGE_STANDARD = gnu99;
				GCC_DYNAMIC_NO_PIC = NO;
				GCC_OPTIMIZATION_LEVEL = 0;
				GCC_PREPROCESSOR_DEFINITIONS = (
					"DEBUG=1",
					"$(inherited)",
				);
				GCC_SYMBOLS_PRIVATE_EXTERN = NO;
				GCC_WARN_64_TO_32_BIT_CONVERSION = YES;
				GCC_WARN_ABOUT_RETURN_TYPE = YES_ERROR;
				GCC_WARN_UNDECLARED_SELECTOR = YES;
				GCC_WARN_UNINITIALIZED_AUTOS = YES_AGGRESSIVE;
				GCC_WARN_UNUSED_FUNCTION = YES;
				GCC_WARN_UNUSED_VARIABLE = YES;
				IPHONEOS_DEPLOYMENT_TARGET = 7.1;
				ONLY_ACTIVE_ARCH = YES;
				SDKROOT = iphoneos;
			};
			name = Debug;
		};
		9225377818F424EC001AE1B9 /* Release */ = {
			isa = XCBuildConfiguration;
			buildSettings = {
				ALWAYS_SEARCH_USER_PATHS = NO;
				CLANG_CXX_LANGUAGE_STANDARD = "gnu++0x";
				CLANG_CXX_LIBRARY = "libc++";
				CLANG_ENABLE_MODULES = YES;
				CLANG_ENABLE_OBJC_ARC = YES;
				CLANG_WARN_BOOL_CONVERSION = YES;
				CLANG_WARN_CONSTANT_CONVERSION = YES;
				CLANG_WARN_DIRECT_OBJC_ISA_USAGE = YES_ERROR;
				CLANG_WARN_EMPTY_BODY = YES;
				CLANG_WARN_ENUM_CONVERSION = YES;
				CLANG_WARN_INT_CONVERSION = YES;
				CLANG_WARN_OBJC_ROOT_CLASS = YES_ERROR;
				CLANG_WARN__DUPLICATE_METHOD_MATCH = YES;
				"CODE_SIGN_IDENTITY[sdk=iphoneos*]" = "iPhone Developer";
				COPY_PHASE_STRIP = YES;
				ENABLE_NS_ASSERTIONS = NO;
				GCC_C_LANGUAGE_STANDARD = gnu99;
				GCC_WARN_64_TO_32_BIT_CONVERSION = YES;
				GCC_WARN_ABOUT_RETURN_TYPE = YES_ERROR;
				GCC_WARN_UNDECLARED_SELECTOR = YES;
				GCC_WARN_UNINITIALIZED_AUTOS = YES_AGGRESSIVE;
				GCC_WARN_UNUSED_FUNCTION = YES;
				GCC_WARN_UNUSED_VARIABLE = YES;
				IPHONEOS_DEPLOYMENT_TARGET = 7.1;
				SDKROOT = iphoneos;
				VALIDATE_PRODUCT = YES;
			};
			name = Release;
		};
		9225377A18F424EC001AE1B9 /* Debug */ = {
			isa = XCBuildConfiguration;
			buildSettings = {
				ASSETCATALOG_COMPILER_APPICON_NAME = AppIcon;
				ASSETCATALOG_COMPILER_LAUNCHIMAGE_NAME = LaunchImage;
				GCC_PRECOMPILE_PREFIX_HEADER = YES;
				GCC_PREFIX_HEADER = "WabblyDemo/Source/WabblyDemo-Prefix.pch";
				INFOPLIST_FILE = "$(SRCROOT)/WabblyDemo/Source/WabblyDemo-Info.plist";
				PRODUCT_NAME = "$(TARGET_NAME)";
				WRAPPER_EXTENSION = app;
			};
			name = Debug;
		};
		9225377B18F424EC001AE1B9 /* Release */ = {
			isa = XCBuildConfiguration;
			buildSettings = {
				ASSETCATALOG_COMPILER_APPICON_NAME = AppIcon;
				ASSETCATALOG_COMPILER_LAUNCHIMAGE_NAME = LaunchImage;
				GCC_PRECOMPILE_PREFIX_HEADER = YES;
				GCC_PREFIX_HEADER = "WabblyDemo/Source/WabblyDemo-Prefix.pch";
				INFOPLIST_FILE = "$(SRCROOT)/WabblyDemo/Source/WabblyDemo-Info.plist";
				PRODUCT_NAME = "$(TARGET_NAME)";
				WRAPPER_EXTENSION = app;
			};
			name = Release;
		};
		9225377D18F424EC001AE1B9 /* Debug */ = {
			isa = XCBuildConfiguration;
			buildSettings = {
				BUNDLE_LOADER = "$(BUILT_PRODUCTS_DIR)/WabblyDemo.app/WabblyDemo";
				FRAMEWORK_SEARCH_PATHS = (
					"$(SDKROOT)/Developer/Library/Frameworks",
					"$(inherited)",
					"$(DEVELOPER_FRAMEWORKS_DIR)",
				);
				GCC_PRECOMPILE_PREFIX_HEADER = YES;
				GCC_PREFIX_HEADER = "WabblyDemo/WabblyDemo-Prefix.pch";
				GCC_PREPROCESSOR_DEFINITIONS = (
					"DEBUG=1",
					"$(inherited)",
				);
				INFOPLIST_FILE = "WabblyDemoTests/WabblyDemoTests-Info.plist";
				PRODUCT_NAME = "$(TARGET_NAME)";
				TEST_HOST = "$(BUNDLE_LOADER)";
				WRAPPER_EXTENSION = xctest;
			};
			name = Debug;
		};
		9225377E18F424EC001AE1B9 /* Release */ = {
			isa = XCBuildConfiguration;
			buildSettings = {
				BUNDLE_LOADER = "$(BUILT_PRODUCTS_DIR)/WabblyDemo.app/WabblyDemo";
				FRAMEWORK_SEARCH_PATHS = (
					"$(SDKROOT)/Developer/Library/Frameworks",
					"$(inherited)",
					"$(DEVELOPER_FRAMEWORKS_DIR)",
				);
				GCC_PRECOMPILE_PREFIX_HEADER = YES;
				GCC_PREFIX_HEADER = "WabblyDemo/WabblyDemo-Prefix.pch";
				INFOPLIST_FILE = "WabblyDemoTests/WabblyDemoTests-Info.plist";
				PRODUCT_NAME = "$(TARGET_NAME)";
				TEST_HOST = "$(BUNDLE_LOADER)";
				WRAPPER_EXTENSION = xctest;
			};
			name = Release;
		};
/* End XCBuildConfiguration section */

/* Begin XCConfigurationList section */
		9225374218F424EC001AE1B9 /* Build configuration list for PBXProject "WabblyDemo" */ = {
			isa = XCConfigurationList;
			buildConfigurations = (
				9225377718F424EC001AE1B9 /* Debug */,
				9225377818F424EC001AE1B9 /* Release */,
			);
			defaultConfigurationIsVisible = 0;
			defaultConfigurationName = Release;
		};
		9225377918F424EC001AE1B9 /* Build configuration list for PBXNativeTarget "WabblyDemo" */ = {
			isa = XCConfigurationList;
			buildConfigurations = (
				9225377A18F424EC001AE1B9 /* Debug */,
				9225377B18F424EC001AE1B9 /* Release */,
			);
			defaultConfigurationIsVisible = 0;
			defaultConfigurationName = Release;
		};
		9225377C18F424EC001AE1B9 /* Build configuration list for PBXNativeTarget "WabblyDemoTests" */ = {
			isa = XCConfigurationList;
			buildConfigurations = (
				9225377D18F424EC001AE1B9 /* Debug */,
				9225377E18F424EC001AE1B9 /* Release */,
			);
			defaultConfigurationIsVisible = 0;
			defaultConfigurationName = Release;
		};
/* End XCConfigurationList section */
	};
	rootObject = 9225373F18F424EC001AE1B9 /* Project object */;
}
